
Microsoft Visual Studio Solution File, Format Version 12.00
# Visual Studio Version 17
VisualStudioVersion = 17.14.36623.8
MinimumVisualStudioVersion = 10.0.40219.1
Project("{FAE04EC0-301F-11D3-BF4B-00C04F79EFBC}") = "CourseManagement", "CourseManagement\CourseManagement.csproj", "{CDBE1748-21B6-4AA5-B770-F124E385EA6C}"
EndProject
Project("{FAE04EC0-301F-11D3-BF4B-00C04F79EFBC}") = "CourseManagement.ConsoleApp", "CourseManagement.ConsoleApp\CourseManagement.ConsoleApp.csproj", "{3D04E675-CF42-4182-8D6B-F1C8B173E106}"
EndProject
Project("{FAE04EC0-301F-11D3-BF4B-00C04F79EFBC}") = "PRN222.CourseManagement.Repository.Tests", "PRN222.CourseManagement.Repository.Tests\PRN222.CourseManagement.Repository.Tests.csproj", "{91B04E25-4076-4586-A0DA-1ADEDBF8BF7E}"
EndProject
Project("{FAE04EC0-301F-11D3-BF4B-00C04F79EFBC}") = "PRN222.CourseManagement.Services.Tests", "PRN222.CourseManagement.Services.Tests\PRN222.CourseManagement.Services.Tests.csproj", "{FAA149BE-EB04-4455-075A-70EEACFC7A1D}"
EndProject
Global
	GlobalSection(SolutionConfigurationPlatforms) = preSolution
		Debug|Any CPU = Debug|Any CPU
		Debug|x64 = Debug|x64
		Debug|x86 = Debug|x86
		Release|Any CPU = Release|Any CPU
		Release|x64 = Release|x64
		Release|x86 = Release|x86
	EndGlobalSection
	GlobalSection(ProjectConfigurationPlatforms) = postSolution
		{CDBE1748-21B6-4AA5-B770-F124E385EA6C}.Debug|Any CPU.ActiveCfg = Debug|Any CPU
		{CDBE1748-21B6-4AA5-B770-F124E385EA6C}.Debug|Any CPU.Build.0 = Debug|Any CPU
		{CDBE1748-21B6-4AA5-B770-F124E385EA6C}.Debug|x64.ActiveCfg = Debug|Any CPU
		{CDBE1748-21B6-4AA5-B770-F124E385EA6C}.Debug|x64.Build.0 = Debug|Any CPU
		{CDBE1748-21B6-4AA5-B770-F124E385EA6C}.Debug|x86.ActiveCfg = Debug|Any CPU
		{CDBE1748-21B6-4AA5-B770-F124E385EA6C}.Debug|x86.Build.0 = Debug|Any CPU
		{CDBE1748-21B6-4AA5-B770-F124E385EA6C}.Release|Any CPU.ActiveCfg = Release|Any CPU
		{CDBE1748-21B6-4AA5-B770-F124E385EA6C}.Release|Any CPU.Build.0 = Release|Any CPU
		{CDBE1748-21B6-4AA5-B770-F124E385EA6C}.Release|x64.ActiveCfg = Release|Any CPU
		{CDBE1748-21B6-4AA5-B770-F124E385EA6C}.Release|x64.Build.0 = Release|Any CPU
		{CDBE1748-21B6-4AA5-B770-F124E385EA6C}.Release|x86.ActiveCfg = Release|Any CPU
		{CDBE1748-21B6-4AA5-B770-F124E385EA6C}.Release|x86.Build.0 = Release|Any CPU
		{3D04E675-CF42-4182-8D6B-F1C8B173E106}.Debug|Any CPU.ActiveCfg = Debug|Any CPU
		{3D04E675-CF42-4182-8D6B-F1C8B173E106}.Debug|Any CPU.Build.0 = Debug|Any CPU
		{3D04E675-CF42-4182-8D6B-F1C8B173E106}.Debug|x64.ActiveCfg = Debug|Any CPU
		{3D04E675-CF42-4182-8D6B-F1C8B173E106}.Debug|x64.Build.0 = Debug|Any CPU
		{3D04E675-CF42-4182-8D6B-F1C8B173E106}.Debug|x86.ActiveCfg = Debug|Any CPU
		{3D04E675-CF42-4182-8D6B-F1C8B173E106}.Debug|x86.Build.0 = Debug|Any CPU
		{3D04E675-CF42-4182-8D6B-F1C8B173E106}.Release|Any CPU.ActiveCfg = Release|Any CPU
		{3D04E675-CF42-4182-8D6B-F1C8B173E106}.Release|Any CPU.Build.0 = Release|Any CPU
		{3D04E675-CF42-4182-8D6B-F1C8B173E106}.Release|x64.ActiveCfg = Release|Any CPU
		{3D04E675-CF42-4182-8D6B-F1C8B173E106}.Release|x64.Build.0 = Release|Any CPU
		{3D04E675-CF42-4182-8D6B-F1C8B173E106}.Release|x86.ActiveCfg = Release|Any CPU
		{3D04E675-CF42-4182-8D6B-F1C8B173E106}.Release|x86.Build.0 = Release|Any CPU
		{91B04E25-4076-4586-A0DA-1ADEDBF8BF7E}.Debug|Any CPU.ActiveCfg = Debug|Any CPU
		{91B04E25-4076-4586-A0DA-1ADEDBF8BF7E}.Debug|Any CPU.Build.0 = Debug|Any CPU
		{91B04E25-4076-4586-A0DA-1ADEDBF8BF7E}.Debug|x64.ActiveCfg = Debug|Any CPU
		{91B04E25-4076-4586-A0DA-1ADEDBF8BF7E}.Debug|x64.Build.0 = Debug|Any CPU
		{91B04E25-4076-4586-A0DA-1ADEDBF8BF7E}.Debug|x86.ActiveCfg = Debug|Any CPU
		{91B04E25-4076-4586-A0DA-1ADEDBF8BF7E}.Debug|x86.Build.0 = Debug|Any CPU
		{91B04E25-4076-4586-A0DA-1ADEDBF8BF7E}.Release|Any CPU.ActiveCfg = Release|Any CPU
		{91B04E25-4076-4586-A0DA-1ADEDBF8BF7E}.Release|Any CPU.Build.0 = Release|Any CPU
		{91B04E25-4076-4586-A0DA-1ADEDBF8BF7E}.Release|x64.ActiveCfg = Release|Any CPU
		{91B04E25-4076-4586-A0DA-1ADEDBF8BF7E}.Release|x64.Build.0 = Release|Any CPU
		{91B04E25-4076-4586-A0DA-1ADEDBF8BF7E}.Release|x86.ActiveCfg = Release|Any CPU
		{91B04E25-4076-4586-A0DA-1ADEDBF8BF7E}.Release|x86.Build.0 = Release|Any CPU
		{FAA149BE-EB04-4455-075A-70EEACFC7A1D}.Debug|Any CPU.ActiveCfg = Debug|Any CPU
		{FAA149BE-EB04-4455-075A-70EEACFC7A1D}.Debug|Any CPU.Build.0 = Debug|Any CPU
		{FAA149BE-EB04-4455-075A-70EEACFC7A1D}.Debug|x64.ActiveCfg = Debug|Any CPU
		{FAA149BE-EB04-4455-075A-70EEACFC7A1D}.Debug|x64.Build.0 = Debug|Any CPU
		{FAA149BE-EB04-4455-075A-70EEACFC7A1D}.Debug|x86.ActiveCfg = Debug|Any CPU
		{FAA149BE-EB04-4455-075A-70EEACFC7A1D}.Debug|x86.Build.0 = Debug|Any CPU
		{FAA149BE-EB04-4455-075A-70EEACFC7A1D}.Release|Any CPU.ActiveCfg = Release|Any CPU
		{FAA149BE-EB04-4455-075A-70EEACFC7A1D}.Release|Any CPU.Build.0 = Release|Any CPU
		{FAA149BE-EB04-4455-075A-70EEACFC7A1D}.Release|x64.ActiveCfg = Release|Any CPU
		{FAA149BE-EB04-4455-075A-70EEACFC7A1D}.Release|x64.Build.0 = Release|Any CPU
		{FAA149BE-EB04-4455-075A-70EEACFC7A1D}.Release|x86.ActiveCfg = Release|Any CPU
		{FAA149BE-EB04-4455-075A-70EEACFC7A1D}.Release|x86.Build.0 = Release|Any CPU
	EndGlobalSection
	GlobalSection(SolutionProperties) = preSolution
		HideSolutionNode = FALSE
	EndGlobalSection
	GlobalSection(ExtensibilityGlobals) = postSolution
		SolutionGuid = {0ADF53D8-6E68-4F23-8A36-D46560ECB761}
	EndGlobalSection
EndGlobal
